
Microsoft Visual Studio Solution File, Format Version 12.00
# Visual Studio Version 17
VisualStudioVersion = 17.11.35327.3
MinimumVisualStudioVersion = 10.0.40219.1
Project("{FAE04EC0-301F-11D3-BF4B-00C04F79EFBC}") = "Final_1", "Final_1.csproj", "{277D25F6-4CE4-4E07-916F-224C6DB56BCE}"
EndProject
Global
	GlobalSection(SolutionConfigurationPlatforms) = preSolution
		Debug|Any CPU = Debug|Any CPU
		Release|Any CPU = Release|Any CPU
	EndGlobalSection
	GlobalSection(ProjectConfigurationPlatforms) = postSolution
		{277D25F6-4CE4-4E07-916F-224C6DB56BCE}.Debug|Any CPU.ActiveCfg = Debug|Any CPU
		{277D25F6-4CE4-4E07-916F-224C6DB56BCE}.Debug|Any CPU.Build.0 = Debug|Any CPU
		{277D25F6-4CE4-4E07-916F-224C6DB56BCE}.Release|Any CPU.ActiveCfg = Release|Any CPU
		{277D25F6-4CE4-4E07-916F-224C6DB56BCE}.Release|Any CPU.Build.0 = Release|Any CPU
	EndGlobalSection
	GlobalSection(SolutionProperties) = preSolution
		HideSolutionNode = FALSE
	EndGlobalSection
	GlobalSection(ExtensibilityGlobals) = postSolution
		SolutionGuid = {E0276746-2772-439B-9DF3-2AF7A4C7783E}
	EndGlobalSection
EndGlobal
